
Microsoft Visual Studio Solution File, Format Version 12.00
# Visual Studio Version 17
VisualStudioVersion = 17.8.34511.84
MinimumVisualStudioVersion = 10.0.40219.1
Project("{9A19103F-16F7-4668-BE54-9A1E7A4F7556}") = "SIT.Manager.Avalonia", "SIT.Manager.Avalonia\SIT.Manager.Avalonia.csproj", "{FEEAAEDB-6BCE-4F98-B5E5-69419CECB22B}"
EndProject
Project("{9A19103F-16F7-4668-BE54-9A1E7A4F7556}") = "SIT.Manager.Avalonia.Desktop", "SIT.Manager.Avalonia.Desktop\SIT.Manager.Avalonia.Desktop.csproj", "{CAC18D21-706F-473E-9537-D1C4E9BF51A9}"
EndProject
Project("{FAE04EC0-301F-11D3-BF4B-00C04F79EFBC}") = "SIT.Manager.Updater", "SIT.Manager.Updater\SIT.Manager.Updater.csproj", "{8A2C82DB-35BA-4242-97EE-4BFEC5D0EC98}"
EndProject
Global
	GlobalSection(SolutionConfigurationPlatforms) = preSolution
		Debug|Any CPU = Debug|Any CPU
		Release|Any CPU = Release|Any CPU
	EndGlobalSection
	GlobalSection(ProjectConfigurationPlatforms) = postSolution
		{FEEAAEDB-6BCE-4F98-B5E5-69419CECB22B}.Debug|Any CPU.ActiveCfg = Debug|Any CPU
		{FEEAAEDB-6BCE-4F98-B5E5-69419CECB22B}.Debug|Any CPU.Build.0 = Debug|Any CPU
		{FEEAAEDB-6BCE-4F98-B5E5-69419CECB22B}.Release|Any CPU.ActiveCfg = Release|Any CPU
		{FEEAAEDB-6BCE-4F98-B5E5-69419CECB22B}.Release|Any CPU.Build.0 = Release|Any CPU
		{CAC18D21-706F-473E-9537-D1C4E9BF51A9}.Debug|Any CPU.ActiveCfg = Debug|Any CPU
		{CAC18D21-706F-473E-9537-D1C4E9BF51A9}.Debug|Any CPU.Build.0 = Debug|Any CPU
		{CAC18D21-706F-473E-9537-D1C4E9BF51A9}.Release|Any CPU.ActiveCfg = Release|Any CPU
		{CAC18D21-706F-473E-9537-D1C4E9BF51A9}.Release|Any CPU.Build.0 = Release|Any CPU
		{8A2C82DB-35BA-4242-97EE-4BFEC5D0EC98}.Debug|Any CPU.ActiveCfg = Debug|Any CPU
		{8A2C82DB-35BA-4242-97EE-4BFEC5D0EC98}.Debug|Any CPU.Build.0 = Debug|Any CPU
		{8A2C82DB-35BA-4242-97EE-4BFEC5D0EC98}.Release|Any CPU.ActiveCfg = Release|Any CPU
		{8A2C82DB-35BA-4242-97EE-4BFEC5D0EC98}.Release|Any CPU.Build.0 = Release|Any CPU
	EndGlobalSection
	GlobalSection(SolutionProperties) = preSolution
		HideSolutionNode = FALSE
	EndGlobalSection
	GlobalSection(ExtensibilityGlobals) = postSolution
		SolutionGuid = {6991F7CC-2839-4976-8BE4-548D13A42A22}
	EndGlobalSection
EndGlobal
